---
- name: system setup | clock
  tags:
    - ntp
    - setup
  block:
    - name: system setup | clock | install systemd-timesyncd (ubuntu)
      package:
        name: systemd-timesyncd
        state: present

    - name: system setup | clock | start and enable systemd-timesyncd
      service:
        name: systemd-timesyncd
        state: started
        enabled: true
  when: ansible_distribution in debian_oses

- name: system setup | clock | set time zone
  tags: timezone
  timezone:
    name: "America/Los_Angeles"
